lockfileVersion: '6.0'

settings:
  autoInstallPeers: true
  excludeLinksFromLockfile: false

dependencies:
  jspdf:
    specifier: ^2.5.1
    version: 2.5.1
  jspdf-autotable:
    specifier: ^3.7.1
    version: 3.7.1(jspdf@2.5.1)

devDependencies:
  typescript:
    specifier: ^5.2.2
    version: 5.2.2

packages:

  /@babel/runtime@7.23.2:
    resolution: {integrity: sha512-mM8eg4yl5D6i3lu2QKPuPH4FArvJ8KhTofbE7jwMUv9KX5mBvwPAqnV3MlyBNqdp9RyRKP6Yck8TrfYrPvX3bg==}
    engines: {node: '>=6.9.0'}
    dependencies:
      regenerator-runtime: 0.14.0
    dev: false

  /@types/raf@3.4.3:
    resolution: {integrity: sha512-c4YAvMedbPZ5tEyxzQdMoOhhJ4RD3rngZIdwC2/qDN3d7JpEhB6fiBRKVY1lg5B7Wk+uPBjn5f39j1/2MY1oOw==}
    requiresBuild: true
    dev: false
    optional: true

  /atob@2.1.2:
    resolution: {integrity: sha512-Wm6ukoaOGJi/73p/cl2GvLjTI5JM1k/O14isD73YML8StrH/7/lRFgmg8nICZgD3bZZvjwCGxtMOD3wWNAu8cg==}
    engines: {node: '>= 4.5.0'}
    hasBin: true
    dev: false

  /base64-arraybuffer@1.0.2:
    resolution: {integrity: sha512-I3yl4r9QB5ZRY3XuJVEPfc2XhZO6YweFPI+UovAzn+8/hb3oJ6lnysaFcjVpkCPfVWFUDvoZ8kmVDP7WyRtYtQ==}
    engines: {node: '>= 0.6.0'}
    requiresBuild: true
    dev: false
    optional: true

  /btoa@1.2.1:
    resolution: {integrity: sha512-SB4/MIGlsiVkMcHmT+pSmIPoNDoHg+7cMzmt3Uxt628MTz2487DKSqK/fuhFBrkuqrYv5UCEnACpF4dTFNKc/g==}
    engines: {node: '>= 0.4.0'}
    hasBin: true
    dev: false

  /canvg@3.0.10:
    resolution: {integrity: sha512-qwR2FRNO9NlzTeKIPIKpnTY6fqwuYSequ8Ru8c0YkYU7U0oW+hLUvWadLvAu1Rl72OMNiFhoLu4f8eUjQ7l/+Q==}
    engines: {node: '>=10.0.0'}
    requiresBuild: true
    dependencies:
      '@babel/runtime': 7.23.2
      '@types/raf': 3.4.3
      core-js: 3.33.2
      raf: 3.4.1
      regenerator-runtime: 0.13.11
      rgbcolor: 1.0.1
      stackblur-canvas: 2.6.0
      svg-pathdata: 6.0.3
    dev: false
    optional: true

  /core-js@3.33.2:
    resolution: {integrity: sha512-XeBzWI6QL3nJQiHmdzbAOiMYqjrb7hwU7A39Qhvd/POSa/t9E1AeZyEZx3fNvp/vtM8zXwhoL0FsiS0hD0pruQ==}
    requiresBuild: true
    dev: false
    optional: true

  /css-line-break@2.1.0:
    resolution: {integrity: sha512-FHcKFCZcAha3LwfVBhCQbW2nCNbkZXn7KVUJcsT5/P8YmfsVja0FMPJr0B903j/E69HUphKiV9iQArX8SDYA4w==}
    requiresBuild: true
    dependencies:
      utrie: 1.0.2
    dev: false
    optional: true

  /dompurify@2.4.7:
    resolution: {integrity: sha512-kxxKlPEDa6Nc5WJi+qRgPbOAbgTpSULL+vI3NUXsZMlkJxTqYI9wg5ZTay2sFrdZRWHPWNi+EdAhcJf81WtoMQ==}
    requiresBuild: true
    dev: false
    optional: true

  /fflate@0.4.8:
    resolution: {integrity: sha512-FJqqoDBR00Mdj9ppamLa/Y7vxm+PRmNWA67N846RvsoYVMKB4q3y/de5PA7gUmRMYK/8CMz2GDZQmCRN1wBcWA==}
    dev: false

  /html2canvas@1.4.1:
    resolution: {integrity: sha512-fPU6BHNpsyIhr8yyMpTLLxAbkaK8ArIBcmZIRiBLiDhjeqvXolaEmDGmELFuX9I4xDcaKKcJl+TKZLqruBbmWA==}
    engines: {node: '>=8.0.0'}
    requiresBuild: true
    dependencies:
      css-line-break: 2.1.0
      text-segmentation: 1.0.3
    dev: false
    optional: true

  /jspdf-autotable@3.7.1(jspdf@2.5.1):
    resolution: {integrity: sha512-5fgjqE8nIwUoNz5l/i/aD/uONKofE4yp/kJ097EKBllPVTPGnGV5OWHld30db3+CvNrgzrRl8gmTnKF6vag05g==}
    peerDependencies:
      jspdf: ^2.5.1
    dependencies:
      jspdf: 2.5.1
    dev: false

  /jspdf@2.5.1:
    resolution: {integrity: sha512-hXObxz7ZqoyhxET78+XR34Xu2qFGrJJ2I2bE5w4SM8eFaFEkW2xcGRVUss360fYelwRSid/jT078kbNvmoW0QA==}
    dependencies:
      '@babel/runtime': 7.23.2
      atob: 2.1.2
      btoa: 1.2.1
      fflate: 0.4.8
    optionalDependencies:
      canvg: 3.0.10
      core-js: 3.33.2
      dompurify: 2.4.7
      html2canvas: 1.4.1
    dev: false

  /performance-now@2.1.0:
    resolution: {integrity: sha512-7EAHlyLHI56VEIdK57uwHdHKIaAGbnXPiw0yWbarQZOKaKpvUIgW0jWRVLiatnM+XXlSwsanIBH/hzGMJulMow==}
    requiresBuild: true
    dev: false
    optional: true

  /raf@3.4.1:
    resolution: {integrity: sha512-Sq4CW4QhwOHE8ucn6J34MqtZCeWFP2aQSmrlroYgqAV1PjStIhJXxYuTgUIfkEk7zTLjmIjLmU5q+fbD1NnOJA==}
    requiresBuild: true
    dependencies:
      performance-now: 2.1.0
    dev: false
    optional: true

  /regenerator-runtime@0.13.11:
    resolution: {integrity: sha512-kY1AZVr2Ra+t+piVaJ4gxaFaReZVH40AKNo7UCX6W+dEwBo/2oZJzqfuN1qLq1oL45o56cPaTXELwrTh8Fpggg==}
    requiresBuild: true
    dev: false
    optional: true

  /regenerator-runtime@0.14.0:
    resolution: {integrity: sha512-srw17NI0TUWHuGa5CFGGmhfNIeja30WMBfbslPNhf6JrqQlLN5gcrvig1oqPxiVaXb0oW0XRKtH6Nngs5lKCIA==}
    dev: false

  /rgbcolor@1.0.1:
    resolution: {integrity: sha512-9aZLIrhRaD97sgVhtJOW6ckOEh6/GnvQtdVNfdZ6s67+3/XwLS9lBcQYzEEhYVeUowN7pRzMLsyGhK2i/xvWbw==}
    engines: {node: '>= 0.8.15'}
    requiresBuild: true
    dev: false
    optional: true

  /stackblur-canvas@2.6.0:
    resolution: {integrity: sha512-8S1aIA+UoF6erJYnglGPug6MaHYGo1Ot7h5fuXx4fUPvcvQfcdw2o/ppCse63+eZf8PPidSu4v1JnmEVtEDnpg==}
    engines: {node: '>=0.1.14'}
    requiresBuild: true
    dev: false
    optional: true

  /svg-pathdata@6.0.3:
    resolution: {integrity: sha512-qsjeeq5YjBZ5eMdFuUa4ZosMLxgr5RZ+F+Y1OrDhuOCEInRMA3x74XdBtggJcj9kOeInz0WE+LgCPDkZFlBYJw==}
    engines: {node: '>=12.0.0'}
    requiresBuild: true
    dev: false
    optional: true

  /text-segmentation@1.0.3:
    resolution: {integrity: sha512-iOiPUo/BGnZ6+54OsWxZidGCsdU8YbE4PSpdPinp7DeMtUJNJBoJ/ouUSTJjHkh1KntHaltHl/gDs2FC4i5+Nw==}
    requiresBuild: true
    dependencies:
      utrie: 1.0.2
    dev: false
    optional: true

  /typescript@5.2.2:
    resolution: {integrity: sha512-mI4WrpHsbCIcwT9cF4FZvr80QUeKvsUsUvKDoR+X/7XHQH98xYD8YHZg7ANtz2GtZt/CBq2QJ0thkGJMHfqc1w==}
    engines: {node: '>=14.17'}
    hasBin: true
    dev: true

  /utrie@1.0.2:
    resolution: {integrity: sha512-1MLa5ouZiOmQzUbjbu9VmjLzn1QLXBhwpUa7kdLUQK+KQ5KA9I1vk5U4YHe/X2Ch7PYnJfWuWT+VbuxbGwljhw==}
    requiresBuild: true
    dependencies:
      base64-arraybuffer: 1.0.2
    dev: false
    optional: true
